// !$*UTF8*$!
{
	archiveVersion = 1;
	classes = {
	};
	objectVersion = 56;
	objects = {

/* Begin PBXBuildFile section */
		6472862D2C5B791D004BAEF4 /* ColorExtension.swift in Sources */ = {isa = PBXBuildFile; fileRef = 6472862C2C5B791D004BAEF4 /* ColorExtension.swift */; };
		6472863C2C5B7B77004BAEF4 /* ZenMaruGothic-Light.ttf in Resources */ = {isa = PBXBuildFile; fileRef = 647286362C5B7B77004BAEF4 /* ZenMaruGothic-Light.ttf */; };
		6472863D2C5B7B77004BAEF4 /* ZenMaruGothic-Regular.ttf in Resources */ = {isa = PBXBuildFile; fileRef = 647286372C5B7B77004BAEF4 /* ZenMaruGothic-Regular.ttf */; };
		6472863E2C5B7B77004BAEF4 /* ZenMaruGothic-Black.ttf in Resources */ = {isa = PBXBuildFile; fileRef = 647286382C5B7B77004BAEF4 /* ZenMaruGothic-Black.ttf */; };
		6472863F2C5B7B77004BAEF4 /* ZenMaruGothic-Medium.ttf in Resources */ = {isa = PBXBuildFile; fileRef = 647286392C5B7B77004BAEF4 /* ZenMaruGothic-Medium.ttf */; };
		647286402C5B7B77004BAEF4 /* ZenMaruGothic-Bold.ttf in Resources */ = {isa = PBXBuildFile; fileRef = 6472863A2C5B7B77004BAEF4 /* ZenMaruGothic-Bold.ttf */; };
		647286412C5B7B77004BAEF4 /* OFL.txt in Resources */ = {isa = PBXBuildFile; fileRef = 6472863B2C5B7B77004BAEF4 /* OFL.txt */; };
		647286442C5B7C8B004BAEF4 /* TextExtension.swift in Sources */ = {isa = PBXBuildFile; fileRef = 647286432C5B7C8B004BAEF4 /* TextExtension.swift */; };
		647286472C5C9AB6004BAEF4 /* NewGroupSettingsView.swift in Sources */ = {isa = PBXBuildFile; fileRef = 647286462C5C9AB6004BAEF4 /* NewGroupSettingsView.swift */; };
		647286492C5CA0C4004BAEF4 /* AddGroupMembersView.swift in Sources */ = {isa = PBXBuildFile; fileRef = 647286482C5CA0C4004BAEF4 /* AddGroupMembersView.swift */; };
		6472864C2C5CABBB004BAEF4 /* FlexibleView.swift in Sources */ = {isa = PBXBuildFile; fileRef = 6472864B2C5CABBB004BAEF4 /* FlexibleView.swift */; };
		6472864E2C5CABEE004BAEF4 /* ViewExtension.swift in Sources */ = {isa = PBXBuildFile; fileRef = 6472864D2C5CABEE004BAEF4 /* ViewExtension.swift */; };
		647286502C5CB062004BAEF4 /* GroupDetailView.swift in Sources */ = {isa = PBXBuildFile; fileRef = 6472864F2C5CB062004BAEF4 /* GroupDetailView.swift */; };
		647286522C5CC1BB004BAEF4 /* AddPaymentView.swift in Sources */ = {isa = PBXBuildFile; fileRef = 647286512C5CC1BB004BAEF4 /* AddPaymentView.swift */; };
		647286542C5CC762004BAEF4 /* PaymentHistoryView.swift in Sources */ = {isa = PBXBuildFile; fileRef = 647286532C5CC762004BAEF4 /* PaymentHistoryView.swift */; };
		647286562C5CCD8C004BAEF4 /* PaymentDetailView.swift in Sources */ = {isa = PBXBuildFile; fileRef = 647286552C5CCD8C004BAEF4 /* PaymentDetailView.swift */; };
		647286582C5CD1C1004BAEF4 /* BalanceView.swift in Sources */ = {isa = PBXBuildFile; fileRef = 647286572C5CD1C1004BAEF4 /* BalanceView.swift */; };
		6472865D2C5F5F67004BAEF4 /* RealmGroup.swift in Sources */ = {isa = PBXBuildFile; fileRef = 6472865C2C5F5F67004BAEF4 /* RealmGroup.swift */; };
		647286622C5F5FFF004BAEF4 /* RealmSwift in Frameworks */ = {isa = PBXBuildFile; productRef = 647286612C5F5FFF004BAEF4 /* RealmSwift */; };
		647286662C5F6896004BAEF4 /* RealmSwift in Embed Frameworks */ = {isa = PBXBuildFile; productRef = 647286612C5F5FFF004BAEF4 /* RealmSwift */; settings = {ATTRIBUTES = (CodeSignOnCopy, ); }; };
		6472866A2C5F6946004BAEF4 /* RealmGroupViewModel.swift in Sources */ = {isa = PBXBuildFile; fileRef = 647286692C5F6946004BAEF4 /* RealmGroupViewModel.swift */; };
		6472866C2C5F72C5004BAEF4 /* SingleSelectionModal.swift in Sources */ = {isa = PBXBuildFile; fileRef = 6472866B2C5F72C5004BAEF4 /* SingleSelectionModal.swift */; };
		6472866E2C5F748D004BAEF4 /* MultiSelectionModal.swift in Sources */ = {isa = PBXBuildFile; fileRef = 6472866D2C5F748D004BAEF4 /* MultiSelectionModal.swift */; };
		647286702C5F8A0D004BAEF4 /* CurrencySelectionModal.swift in Sources */ = {isa = PBXBuildFile; fileRef = 6472866F2C5F8A0D004BAEF4 /* CurrencySelectionModal.swift */; };
		647286722C5F8BDE004BAEF4 /* CurrencyData.swift in Sources */ = {isa = PBXBuildFile; fileRef = 647286712C5F8BDE004BAEF4 /* CurrencyData.swift */; };
		647286742C61F8FE004BAEF4 /* NewGroupView.swift in Sources */ = {isa = PBXBuildFile; fileRef = 647286732C61F8FE004BAEF4 /* NewGroupView.swift */; };
		64D9F16F2C576D5E00326BF3 /* ExSplit_SwiftApp.swift in Sources */ = {isa = PBXBuildFile; fileRef = 64D9F16E2C576D5E00326BF3 /* ExSplit_SwiftApp.swift */; };
		64D9F1712C576D5E00326BF3 /* ContentView.swift in Sources */ = {isa = PBXBuildFile; fileRef = 64D9F1702C576D5E00326BF3 /* ContentView.swift */; };
		64D9F1732C576D5F00326BF3 /* Assets.xcassets in Resources */ = {isa = PBXBuildFile; fileRef = 64D9F1722C576D5F00326BF3 /* Assets.xcassets */; };
		64D9F1762C576D5F00326BF3 /* Preview Assets.xcassets in Resources */ = {isa = PBXBuildFile; fileRef = 64D9F1752C576D5F00326BF3 /* Preview Assets.xcassets */; };
/* End PBXBuildFile section */

/* Begin PBXCopyFilesBuildPhase section */
		647286672C5F6896004BAEF4 /* Embed Frameworks */ = {
			isa = PBXCopyFilesBuildPhase;
			buildActionMask = 2147483647;
			dstPath = "";
			dstSubfolderSpec = 10;
			files = (
				647286662C5F6896004BAEF4 /* RealmSwift in Embed Frameworks */,
			);
			name = "Embed Frameworks";
			runOnlyForDeploymentPostprocessing = 0;
		};
/* End PBXCopyFilesBuildPhase section */

/* Begin PBXFileReference section */
		6472862C2C5B791D004BAEF4 /* ColorExtension.swift */ = {isa = PBXFileReference; lastKnownFileType = sourcecode.swift; path = ColorExtension.swift; sourceTree = "<group>"; };
		647286342C5B7A58004BAEF4 /* ExSplit-Swift-Info.plist */ = {isa = PBXFileReference; lastKnownFileType = text.plist; path = "ExSplit-Swift-Info.plist"; sourceTree = SOURCE_ROOT; };
		647286362C5B7B77004BAEF4 /* ZenMaruGothic-Light.ttf */ = {isa = PBXFileReference; lastKnownFileType = file; path = "ZenMaruGothic-Light.ttf"; sourceTree = "<group>"; };
		647286372C5B7B77004BAEF4 /* ZenMaruGothic-Regular.ttf */ = {isa = PBXFileReference; lastKnownFileType = file; path = "ZenMaruGothic-Regular.ttf"; sourceTree = "<group>"; };
		647286382C5B7B77004BAEF4 /* ZenMaruGothic-Black.ttf */ = {isa = PBXFileReference; lastKnownFileType = file; path = "ZenMaruGothic-Black.ttf"; sourceTree = "<group>"; };
		647286392C5B7B77004BAEF4 /* ZenMaruGothic-Medium.ttf */ = {isa = PBXFileReference; lastKnownFileType = file; path = "ZenMaruGothic-Medium.ttf"; sourceTree = "<group>"; };
		6472863A2C5B7B77004BAEF4 /* ZenMaruGothic-Bold.ttf */ = {isa = PBXFileReference; lastKnownFileType = file; path = "ZenMaruGothic-Bold.ttf"; sourceTree = "<group>"; };
		6472863B2C5B7B77004BAEF4 /* OFL.txt */ = {isa = PBXFileReference; fileEncoding = 4; lastKnownFileType = text; path = OFL.txt; sourceTree = "<group>"; };
		647286432C5B7C8B004BAEF4 /* TextExtension.swift */ = {isa = PBXFileReference; lastKnownFileType = sourcecode.swift; path = TextExtension.swift; sourceTree = "<group>"; };
		647286462C5C9AB6004BAEF4 /* NewGroupSettingsView.swift */ = {isa = PBXFileReference; lastKnownFileType = sourcecode.swift; path = NewGroupSettingsView.swift; sourceTree = "<group>"; };
		647286482C5CA0C4004BAEF4 /* AddGroupMembersView.swift */ = {isa = PBXFileReference; lastKnownFileType = sourcecode.swift; path = AddGroupMembersView.swift; sourceTree = "<group>"; };
		6472864B2C5CABBB004BAEF4 /* FlexibleView.swift */ = {isa = PBXFileReference; lastKnownFileType = sourcecode.swift; path = FlexibleView.swift; sourceTree = "<group>"; };
		6472864D2C5CABEE004BAEF4 /* ViewExtension.swift */ = {isa = PBXFileReference; lastKnownFileType = sourcecode.swift; path = ViewExtension.swift; sourceTree = "<group>"; };
		6472864F2C5CB062004BAEF4 /* GroupDetailView.swift */ = {isa = PBXFileReference; lastKnownFileType = sourcecode.swift; path = GroupDetailView.swift; sourceTree = "<group>"; };
		647286512C5CC1BB004BAEF4 /* AddPaymentView.swift */ = {isa = PBXFileReference; lastKnownFileType = sourcecode.swift; path = AddPaymentView.swift; sourceTree = "<group>"; };
		647286532C5CC762004BAEF4 /* PaymentHistoryView.swift */ = {isa = PBXFileReference; lastKnownFileType = sourcecode.swift; path = PaymentHistoryView.swift; sourceTree = "<group>"; };
		647286552C5CCD8C004BAEF4 /* PaymentDetailView.swift */ = {isa = PBXFileReference; lastKnownFileType = sourcecode.swift; path = PaymentDetailView.swift; sourceTree = "<group>"; };
		647286572C5CD1C1004BAEF4 /* BalanceView.swift */ = {isa = PBXFileReference; lastKnownFileType = sourcecode.swift; path = BalanceView.swift; sourceTree = "<group>"; };
		6472865C2C5F5F67004BAEF4 /* RealmGroup.swift */ = {isa = PBXFileReference; lastKnownFileType = sourcecode.swift; path = RealmGroup.swift; sourceTree = "<group>"; };
		647286692C5F6946004BAEF4 /* RealmGroupViewModel.swift */ = {isa = PBXFileReference; lastKnownFileType = sourcecode.swift; path = RealmGroupViewModel.swift; sourceTree = "<group>"; };
		6472866B2C5F72C5004BAEF4 /* SingleSelectionModal.swift */ = {isa = PBXFileReference; lastKnownFileType = sourcecode.swift; path = SingleSelectionModal.swift; sourceTree = "<group>"; };
		6472866D2C5F748D004BAEF4 /* MultiSelectionModal.swift */ = {isa = PBXFileReference; lastKnownFileType = sourcecode.swift; path = MultiSelectionModal.swift; sourceTree = "<group>"; };
		6472866F2C5F8A0D004BAEF4 /* CurrencySelectionModal.swift */ = {isa = PBXFileReference; lastKnownFileType = sourcecode.swift; path = CurrencySelectionModal.swift; sourceTree = "<group>"; };
		647286712C5F8BDE004BAEF4 /* CurrencyData.swift */ = {isa = PBXFileReference; lastKnownFileType = sourcecode.swift; path = CurrencyData.swift; sourceTree = "<group>"; };
		647286732C61F8FE004BAEF4 /* NewGroupView.swift */ = {isa = PBXFileReference; lastKnownFileType = sourcecode.swift; path = NewGroupView.swift; sourceTree = "<group>"; };
		64D9F16B2C576D5E00326BF3 /* ExSplit_Swift.app */ = {isa = PBXFileReference; explicitFileType = wrapper.application; includeInIndex = 0; path = ExSplit_Swift.app; sourceTree = BUILT_PRODUCTS_DIR; };
		64D9F16E2C576D5E00326BF3 /* ExSplit_SwiftApp.swift */ = {isa = PBXFileReference; lastKnownFileType = sourcecode.swift; path = ExSplit_SwiftApp.swift; sourceTree = "<group>"; };
		64D9F1702C576D5E00326BF3 /* ContentView.swift */ = {isa = PBXFileReference; lastKnownFileType = sourcecode.swift; path = ContentView.swift; sourceTree = "<group>"; };
		64D9F1722C576D5F00326BF3 /* Assets.xcassets */ = {isa = PBXFileReference; lastKnownFileType = folder.assetcatalog; path = Assets.xcassets; sourceTree = "<group>"; };
		64D9F1752C576D5F00326BF3 /* Preview Assets.xcassets */ = {isa = PBXFileReference; lastKnownFileType = folder.assetcatalog; path = "Preview Assets.xcassets"; sourceTree = "<group>"; };
/* End PBXFileReference section */

/* Begin PBXFrameworksBuildPhase section */
		64D9F1682C576D5E00326BF3 /* Frameworks */ = {
			isa = PBXFrameworksBuildPhase;
			buildActionMask = 2147483647;
			files = (
				647286622C5F5FFF004BAEF4 /* RealmSwift in Frameworks */,
			);
			runOnlyForDeploymentPostprocessing = 0;
		};
/* End PBXFrameworksBuildPhase section */

/* Begin PBXGroup section */
		647286352C5B7B66004BAEF4 /* fonts */ = {
			isa = PBXGroup;
			children = (
				6472863B2C5B7B77004BAEF4 /* OFL.txt */,
				647286382C5B7B77004BAEF4 /* ZenMaruGothic-Black.ttf */,
				6472863A2C5B7B77004BAEF4 /* ZenMaruGothic-Bold.ttf */,
				647286362C5B7B77004BAEF4 /* ZenMaruGothic-Light.ttf */,
				647286392C5B7B77004BAEF4 /* ZenMaruGothic-Medium.ttf */,
				647286372C5B7B77004BAEF4 /* ZenMaruGothic-Regular.ttf */,
			);
			path = fonts;
			sourceTree = "<group>";
		};
		647286422C5B7C67004BAEF4 /* Extensions */ = {
			isa = PBXGroup;
			children = (
				6472862C2C5B791D004BAEF4 /* ColorExtension.swift */,
				647286432C5B7C8B004BAEF4 /* TextExtension.swift */,
				6472864D2C5CABEE004BAEF4 /* ViewExtension.swift */,
			);
			path = Extensions;
			sourceTree = "<group>";
		};
		6472864A2C5CABB1004BAEF4 /* components */ = {
			isa = PBXGroup;
			children = (
				6472864B2C5CABBB004BAEF4 /* FlexibleView.swift */,
				6472866B2C5F72C5004BAEF4 /* SingleSelectionModal.swift */,
				6472866D2C5F748D004BAEF4 /* MultiSelectionModal.swift */,
				6472866F2C5F8A0D004BAEF4 /* CurrencySelectionModal.swift */,
			);
			path = components;
			sourceTree = "<group>";
		};
		6472865A2C5F5B10004BAEF4 /* View */ = {
			isa = PBXGroup;
			children = (
				64D9F1702C576D5E00326BF3 /* ContentView.swift */,
				647286732C61F8FE004BAEF4 /* NewGroupView.swift */,
				647286462C5C9AB6004BAEF4 /* NewGroupSettingsView.swift */,
				647286482C5CA0C4004BAEF4 /* AddGroupMembersView.swift */,
				6472864F2C5CB062004BAEF4 /* GroupDetailView.swift */,
				647286512C5CC1BB004BAEF4 /* AddPaymentView.swift */,
				647286532C5CC762004BAEF4 /* PaymentHistoryView.swift */,
				647286552C5CCD8C004BAEF4 /* PaymentDetailView.swift */,
				647286572C5CD1C1004BAEF4 /* BalanceView.swift */,
			);
			path = View;
			sourceTree = "<group>";
		};
		6472865B2C5F5B99004BAEF4 /* Model */ = {
			isa = PBXGroup;
			children = (
				6472865C2C5F5F67004BAEF4 /* RealmGroup.swift */,
			);
			path = Model;
			sourceTree = "<group>";
		};
		647286682C5F6935004BAEF4 /* ViewModel */ = {
			isa = PBXGroup;
			children = (
				647286692C5F6946004BAEF4 /* RealmGroupViewModel.swift */,
			);
			path = ViewModel;
			sourceTree = "<group>";
		};
		64D9F1622C576D5E00326BF3 = {
			isa = PBXGroup;
			children = (
				64D9F16D2C576D5E00326BF3 /* ExSplit_Swift */,
				64D9F16C2C576D5E00326BF3 /* Products */,
			);
			sourceTree = "<group>";
		};
		64D9F16C2C576D5E00326BF3 /* Products */ = {
			isa = PBXGroup;
			children = (
				64D9F16B2C576D5E00326BF3 /* ExSplit_Swift.app */,
			);
			name = Products;
			sourceTree = "<group>";
		};
		64D9F16D2C576D5E00326BF3 /* ExSplit_Swift */ = {
			isa = PBXGroup;
			children = (
				647286352C5B7B66004BAEF4 /* fonts */,
				647286342C5B7A58004BAEF4 /* ExSplit-Swift-Info.plist */,
				64D9F16E2C576D5E00326BF3 /* ExSplit_SwiftApp.swift */,
				647286712C5F8BDE004BAEF4 /* CurrencyData.swift */,
				647286682C5F6935004BAEF4 /* ViewModel */,
				6472865B2C5F5B99004BAEF4 /* Model */,
				6472865A2C5F5B10004BAEF4 /* View */,
				6472864A2C5CABB1004BAEF4 /* components */,
				647286422C5B7C67004BAEF4 /* Extensions */,
				64D9F1722C576D5F00326BF3 /* Assets.xcassets */,
				64D9F1742C576D5F00326BF3 /* Preview Content */,
			);
			path = ExSplit_Swift;
			sourceTree = "<group>";
		};
		64D9F1742C576D5F00326BF3 /* Preview Content */ = {
			isa = PBXGroup;
			children = (
				64D9F1752C576D5F00326BF3 /* Preview Assets.xcassets */,
			);
			path = "Preview Content";
			sourceTree = "<group>";
		};
/* End PBXGroup section */

/* Begin PBXNativeTarget section */
		64D9F16A2C576D5E00326BF3 /* ExSplit_Swift */ = {
			isa = PBXNativeTarget;
			buildConfigurationList = 64D9F1792C576D5F00326BF3 /* Build configuration list for PBXNativeTarget "ExSplit_Swift" */;
			buildPhases = (
				64D9F1672C576D5E00326BF3 /* Sources */,
				64D9F1682C576D5E00326BF3 /* Frameworks */,
				64D9F1692C576D5E00326BF3 /* Resources */,
				647286672C5F6896004BAEF4 /* Embed Frameworks */,
			);
			buildRules = (
			);
			dependencies = (
			);
			name = ExSplit_Swift;
			packageProductDependencies = (
				647286612C5F5FFF004BAEF4 /* RealmSwift */,
			);
			productName = ExSplit_Swift;
			productReference = 64D9F16B2C576D5E00326BF3 /* ExSplit_Swift.app */;
			productType = "com.apple.product-type.application";
		};
/* End PBXNativeTarget section */

/* Begin PBXProject section */
		64D9F1632C576D5E00326BF3 /* Project object */ = {
			isa = PBXProject;
			attributes = {
				BuildIndependentTargetsInParallel = 1;
				LastSwiftUpdateCheck = 1540;
				LastUpgradeCheck = 1540;
				TargetAttributes = {
					64D9F16A2C576D5E00326BF3 = {
						CreatedOnToolsVersion = 15.4;
					};
				};
			};
			buildConfigurationList = 64D9F1662C576D5E00326BF3 /* Build configuration list for PBXProject "ExSplit_Swift" */;
			compatibilityVersion = "Xcode 14.0";
			developmentRegion = en;
			hasScannedForEncodings = 0;
			knownRegions = (
				en,
				Base,
			);
			mainGroup = 64D9F1622C576D5E00326BF3;
			packageReferences = (
				6472865E2C5F5FFF004BAEF4 /* XCRemoteSwiftPackageReference "realm-swift" */,
			);
			productRefGroup = 64D9F16C2C576D5E00326BF3 /* Products */;
			projectDirPath = "";
			projectRoot = "";
			targets = (
				64D9F16A2C576D5E00326BF3 /* ExSplit_Swift */,
			);
		};
/* End PBXProject section */

/* Begin PBXResourcesBuildPhase section */
		64D9F1692C576D5E00326BF3 /* Resources */ = {
			isa = PBXResourcesBuildPhase;
			buildActionMask = 2147483647;
			files = (
				6472863F2C5B7B77004BAEF4 /* ZenMaruGothic-Medium.ttf in Resources */,
				6472863D2C5B7B77004BAEF4 /* ZenMaruGothic-Regular.ttf in Resources */,
				6472863E2C5B7B77004BAEF4 /* ZenMaruGothic-Black.ttf in Resources */,
				64D9F1762C576D5F00326BF3 /* Preview Assets.xcassets in Resources */,
				6472863C2C5B7B77004BAEF4 /* ZenMaruGothic-Light.ttf in Resources */,
				64D9F1732C576D5F00326BF3 /* Assets.xcassets in Resources */,
				647286412C5B7B77004BAEF4 /* OFL.txt in Resources */,
				647286402C5B7B77004BAEF4 /* ZenMaruGothic-Bold.ttf in Resources */,
			);
			runOnlyForDeploymentPostprocessing = 0;
		};
/* End PBXResourcesBuildPhase section */

/* Begin PBXSourcesBuildPhase section */
		64D9F1672C576D5E00326BF3 /* Sources */ = {
			isa = PBXSourcesBuildPhase;
			buildActionMask = 2147483647;
			files = (
				647286442C5B7C8B004BAEF4 /* TextExtension.swift in Sources */,
				6472862D2C5B791D004BAEF4 /* ColorExtension.swift in Sources */,
				6472866C2C5F72C5004BAEF4 /* SingleSelectionModal.swift in Sources */,
				647286562C5CCD8C004BAEF4 /* PaymentDetailView.swift in Sources */,
				647286472C5C9AB6004BAEF4 /* NewGroupSettingsView.swift in Sources */,
				6472866A2C5F6946004BAEF4 /* RealmGroupViewModel.swift in Sources */,
				64D9F1712C576D5E00326BF3 /* ContentView.swift in Sources */,
				6472866E2C5F748D004BAEF4 /* MultiSelectionModal.swift in Sources */,
				647286492C5CA0C4004BAEF4 /* AddGroupMembersView.swift in Sources */,
				647286722C5F8BDE004BAEF4 /* CurrencyData.swift in Sources */,
				647286702C5F8A0D004BAEF4 /* CurrencySelectionModal.swift in Sources */,
				6472865D2C5F5F67004BAEF4 /* RealmGroup.swift in Sources */,
				647286502C5CB062004BAEF4 /* GroupDetailView.swift in Sources */,
				6472864C2C5CABBB004BAEF4 /* FlexibleView.swift in Sources */,
				647286522C5CC1BB004BAEF4 /* AddPaymentView.swift in Sources */,
				647286742C61F8FE004BAEF4 /* NewGroupView.swift in Sources */,
				647286542C5CC762004BAEF4 /* PaymentHistoryView.swift in Sources */,
				6472864E2C5CABEE004BAEF4 /* ViewExtension.swift in Sources */,
				64D9F16F2C576D5E00326BF3 /* ExSplit_SwiftApp.swift in Sources */,
				647286582C5CD1C1004BAEF4 /* BalanceView.swift in Sources */,
			);
			runOnlyForDeploymentPostprocessing = 0;
		};
/* End PBXSourcesBuildPhase section */

/* Begin XCBuildConfiguration section */
		64D9F1772C576D5F00326BF3 /* Debug */ = {
			isa = XCBuildConfiguration;
			buildSettings = {
				ALWAYS_SEARCH_USER_PATHS = NO;
				ASSETCATALOG_COMPILER_GENERATE_SWIFT_ASSET_SYMBOL_EXTENSIONS = YES;
				CLANG_ANALYZER_NONNULL = YES;
				CLANG_ANALYZER_NUMBER_OBJECT_CONVERSION = YES_AGGRESSIVE;
				CLANG_CXX_LANGUAGE_STANDARD = "gnu++20";
				CLANG_ENABLE_MODULES = YES;
				CLANG_ENABLE_OBJC_ARC = YES;
				CLANG_ENABLE_OBJC_WEAK = YES;
				CLANG_WARN_BLOCK_CAPTURE_AUTORELEASING = YES;
				CLANG_WARN_BOOL_CONVERSION = YES;
				CLANG_WARN_COMMA = YES;
				CLANG_WARN_CONSTANT_CONVERSION = YES;
				CLANG_WARN_DEPRECATED_OBJC_IMPLEMENTATIONS = YES;
				CLANG_WARN_DIRECT_OBJC_ISA_USAGE = YES_ERROR;
				CLANG_WARN_DOCUMENTATION_COMMENTS = YES;
				CLANG_WARN_EMPTY_BODY = YES;
				CLANG_WARN_ENUM_CONVERSION = YES;
				CLANG_WARN_INFINITE_RECURSION = YES;
				CLANG_WARN_INT_CONVERSION = YES;
				CLANG_WARN_NON_LITERAL_NULL_CONVERSION = YES;
				CLANG_WARN_OBJC_IMPLICIT_RETAIN_SELF = YES;
				CLANG_WARN_OBJC_LITERAL_CONVERSION = YES;
				CLANG_WARN_OBJC_ROOT_CLASS = YES_ERROR;
				CLANG_WARN_QUOTED_INCLUDE_IN_FRAMEWORK_HEADER = YES;
				CLANG_WARN_RANGE_LOOP_ANALYSIS = YES;
				CLANG_WARN_STRICT_PROTOTYPES = YES;
				CLANG_WARN_SUSPICIOUS_MOVE = YES;
				CLANG_WARN_UNGUARDED_AVAILABILITY = YES_AGGRESSIVE;
				CLANG_WARN_UNREACHABLE_CODE = YES;
				CLANG_WARN__DUPLICATE_METHOD_MATCH = YES;
				COPY_PHASE_STRIP = NO;
				DEBUG_INFORMATION_FORMAT = dwarf;
				ENABLE_STRICT_OBJC_MSGSEND = YES;
				ENABLE_TESTABILITY = YES;
				ENABLE_USER_SCRIPT_SANDBOXING = YES;
				GCC_C_LANGUAGE_STANDARD = gnu17;
				GCC_DYNAMIC_NO_PIC = NO;
				GCC_NO_COMMON_BLOCKS = YES;
				GCC_OPTIMIZATION_LEVEL = 0;
				GCC_PREPROCESSOR_DEFINITIONS = (
					"DEBUG=1",
					"$(inherited)",
				);
				GCC_WARN_64_TO_32_BIT_CONVERSION = YES;
				GCC_WARN_ABOUT_RETURN_TYPE = YES_ERROR;
				GCC_WARN_UNDECLARED_SELECTOR = YES;
				GCC_WARN_UNINITIALIZED_AUTOS = YES_AGGRESSIVE;
				GCC_WARN_UNUSED_FUNCTION = YES;
				GCC_WARN_UNUSED_VARIABLE = YES;
				IPHONEOS_DEPLOYMENT_TARGET = 17.5;
				LOCALIZATION_PREFERS_STRING_CATALOGS = YES;
				MTL_ENABLE_DEBUG_INFO = INCLUDE_SOURCE;
				MTL_FAST_MATH = YES;
				ONLY_ACTIVE_ARCH = YES;
				SDKROOT = iphoneos;
				SWIFT_ACTIVE_COMPILATION_CONDITIONS = "DEBUG $(inherited)";
				SWIFT_OPTIMIZATION_LEVEL = "-Onone";
			};
			name = Debug;
		};
		64D9F1782C576D5F00326BF3 /* Release */ = {
			isa = XCBuildConfiguration;
			buildSettings = {
				ALWAYS_SEARCH_USER_PATHS = NO;
				ASSETCATALOG_COMPILER_GENERATE_SWIFT_ASSET_SYMBOL_EXTENSIONS = YES;
				CLANG_ANALYZER_NONNULL = YES;
				CLANG_ANALYZER_NUMBER_OBJECT_CONVERSION = YES_AGGRESSIVE;
				CLANG_CXX_LANGUAGE_STANDARD = "gnu++20";
				CLANG_ENABLE_MODULES = YES;
				CLANG_ENABLE_OBJC_ARC = YES;
				CLANG_ENABLE_OBJC_WEAK = YES;
				CLANG_WARN_BLOCK_CAPTURE_AUTORELEASING = YES;
				CLANG_WARN_BOOL_CONVERSION = YES;
				CLANG_WARN_COMMA = YES;
				CLANG_WARN_CONSTANT_CONVERSION = YES;
				CLANG_WARN_DEPRECATED_OBJC_IMPLEMENTATIONS = YES;
				CLANG_WARN_DIRECT_OBJC_ISA_USAGE = YES_ERROR;
				CLANG_WARN_DOCUMENTATION_COMMENTS = YES;
				CLANG_WARN_EMPTY_BODY = YES;
				CLANG_WARN_ENUM_CONVERSION = YES;
				CLANG_WARN_INFINITE_RECURSION = YES;
				CLANG_WARN_INT_CONVERSION = YES;
				CLANG_WARN_NON_LITERAL_NULL_CONVERSION = YES;
				CLANG_WARN_OBJC_IMPLICIT_RETAIN_SELF = YES;
				CLANG_WARN_OBJC_LITERAL_CONVERSION = YES;
				CLANG_WARN_OBJC_ROOT_CLASS = YES_ERROR;
				CLANG_WARN_QUOTED_INCLUDE_IN_FRAMEWORK_HEADER = YES;
				CLANG_WARN_RANGE_LOOP_ANALYSIS = YES;
				CLANG_WARN_STRICT_PROTOTYPES = YES;
				CLANG_WARN_SUSPICIOUS_MOVE = YES;
				CLANG_WARN_UNGUARDED_AVAILABILITY = YES_AGGRESSIVE;
				CLANG_WARN_UNREACHABLE_CODE = YES;
				CLANG_WARN__DUPLICATE_METHOD_MATCH = YES;
				COPY_PHASE_STRIP = NO;
				DEBUG_INFORMATION_FORMAT = "dwarf-with-dsym";
				ENABLE_NS_ASSERTIONS = NO;
				ENABLE_STRICT_OBJC_MSGSEND = YES;
				ENABLE_USER_SCRIPT_SANDBOXING = YES;
				GCC_C_LANGUAGE_STANDARD = gnu17;
				GCC_NO_COMMON_BLOCKS = YES;
				GCC_WARN_64_TO_32_BIT_CONVERSION = YES;
				GCC_WARN_ABOUT_RETURN_TYPE = YES_ERROR;
				GCC_WARN_UNDECLARED_SELECTOR = YES;
				GCC_WARN_UNINITIALIZED_AUTOS = YES_AGGRESSIVE;
				GCC_WARN_UNUSED_FUNCTION = YES;
				GCC_WARN_UNUSED_VARIABLE = YES;
				IPHONEOS_DEPLOYMENT_TARGET = 17.5;
				LOCALIZATION_PREFERS_STRING_CATALOGS = YES;
				MTL_ENABLE_DEBUG_INFO = NO;
				MTL_FAST_MATH = YES;
				SDKROOT = iphoneos;
				SWIFT_COMPILATION_MODE = wholemodule;
				VALIDATE_PRODUCT = YES;
			};
			name = Release;
		};
		64D9F17A2C576D5F00326BF3 /* Debug */ = {
			isa = XCBuildConfiguration;
			buildSettings = {
				ASSETCATALOG_COMPILER_APPICON_NAME = AppIcon;
				ASSETCATALOG_COMPILER_GLOBAL_ACCENT_COLOR_NAME = AccentColor;
				CODE_SIGN_STYLE = Automatic;
				CURRENT_PROJECT_VERSION = 1;
				DEVELOPMENT_ASSET_PATHS = "\"ExSplit_Swift/Preview Content\"";
				DEVELOPMENT_TEAM = QC8NW9PFKL;
				ENABLE_PREVIEWS = YES;
				GENERATE_INFOPLIST_FILE = YES;
				INFOPLIST_FILE = "ExSplit-Swift-Info.plist";
				INFOPLIST_KEY_UIApplicationSceneManifest_Generation = YES;
				INFOPLIST_KEY_UIApplicationSupportsIndirectInputEvents = YES;
				INFOPLIST_KEY_UILaunchScreen_Generation = YES;
				INFOPLIST_KEY_UISupportedInterfaceOrientations_iPad = "UIInterfaceOrientationPortrait UIInterfaceOrientationPortraitUpsideDown UIInterfaceOrientationLandscapeLeft UIInterfaceOrientationLandscapeRight";
				INFOPLIST_KEY_UISupportedInterfaceOrientations_iPhone = "UIInterfaceOrientationPortrait UIInterfaceOrientationLandscapeLeft UIInterfaceOrientationLandscapeRight";
				LD_RUNPATH_SEARCH_PATHS = (
					"$(inherited)",
					"@executable_path/Frameworks",
				);
				MARKETING_VERSION = 1.0;
				PRODUCT_BUNDLE_IDENTIFIER = "haruto.ExSplit-Swift";
				PRODUCT_NAME = "$(TARGET_NAME)";
				SWIFT_EMIT_LOC_STRINGS = YES;
				SWIFT_VERSION = 5.0;
				TARGETED_DEVICE_FAMILY = "1,2";
			};
			name = Debug;
		};
		64D9F17B2C576D5F00326BF3 /* Release */ = {
			isa = XCBuildConfiguration;
			buildSettings = {
				ASSETCATALOG_COMPILER_APPICON_NAME = AppIcon;
				ASSETCATALOG_COMPILER_GLOBAL_ACCENT_COLOR_NAME = AccentColor;
				CODE_SIGN_STYLE = Automatic;
				CURRENT_PROJECT_VERSION = 1;
				DEVELOPMENT_ASSET_PATHS = "\"ExSplit_Swift/Preview Content\"";
				DEVELOPMENT_TEAM = QC8NW9PFKL;
				ENABLE_PREVIEWS = YES;
				GENERATE_INFOPLIST_FILE = YES;
				INFOPLIST_FILE = "ExSplit-Swift-Info.plist";
				INFOPLIST_KEY_UIApplicationSceneManifest_Generation = YES;
				INFOPLIST_KEY_UIApplicationSupportsIndirectInputEvents = YES;
				INFOPLIST_KEY_UILaunchScreen_Generation = YES;
				INFOPLIST_KEY_UISupportedInterfaceOrientations_iPad = "UIInterfaceOrientationPortrait UIInterfaceOrientationPortraitUpsideDown UIInterfaceOrientationLandscapeLeft UIInterfaceOrientationLandscapeRight";
				INFOPLIST_KEY_UISupportedInterfaceOrientations_iPhone = "UIInterfaceOrientationPortrait UIInterfaceOrientationLandscapeLeft UIInterfaceOrientationLandscapeRight";
				LD_RUNPATH_SEARCH_PATHS = (
					"$(inherited)",
					"@executable_path/Frameworks",
				);
				MARKETING_VERSION = 1.0;
				PRODUCT_BUNDLE_IDENTIFIER = "haruto.ExSplit-Swift";
				PRODUCT_NAME = "$(TARGET_NAME)";
				SWIFT_EMIT_LOC_STRINGS = YES;
				SWIFT_VERSION = 5.0;
				TARGETED_DEVICE_FAMILY = "1,2";
			};
			name = Release;
		};
/* End XCBuildConfiguration section */

/* Begin XCConfigurationList section */
		64D9F1662C576D5E00326BF3 /* Build configuration list for PBXProject "ExSplit_Swift" */ = {
			isa = XCConfigurationList;
			buildConfigurations = (
				64D9F1772C576D5F00326BF3 /* Debug */,
				64D9F1782C576D5F00326BF3 /* Release */,
			);
			defaultConfigurationIsVisible = 0;
			defaultConfigurationName = Release;
		};
		64D9F1792C576D5F00326BF3 /* Build configuration list for PBXNativeTarget "ExSplit_Swift" */ = {
			isa = XCConfigurationList;
			buildConfigurations = (
				64D9F17A2C576D5F00326BF3 /* Debug */,
				64D9F17B2C576D5F00326BF3 /* Release */,
			);
			defaultConfigurationIsVisible = 0;
			defaultConfigurationName = Release;
		};
/* End XCConfigurationList section */

/* Begin XCRemoteSwiftPackageReference section */
		6472865E2C5F5FFF004BAEF4 /* XCRemoteSwiftPackageReference "realm-swift" */ = {
			isa = XCRemoteSwiftPackageReference;
			repositoryURL = "https://github.com/realm/realm-swift.git";
			requirement = {
				branch = master;
				kind = branch;
			};
		};
/* End XCRemoteSwiftPackageReference section */

/* Begin XCSwiftPackageProductDependency section */
		647286612C5F5FFF004BAEF4 /* RealmSwift */ = {
			isa = XCSwiftPackageProductDependency;
			package = 6472865E2C5F5FFF004BAEF4 /* XCRemoteSwiftPackageReference "realm-swift" */;
			productName = RealmSwift;
		};
/* End XCSwiftPackageProductDependency section */
	};
	rootObject = 64D9F1632C576D5E00326BF3 /* Project object */;
}
